
Microsoft Visual Studio Solution File, Format Version 12.00
# Visual Studio 15
VisualStudioVersion = 15.0.27703.2018
MinimumVisualStudioVersion = 10.0.40219.1
Project("{2150E333-8FDC-42A3-9474-1A3956D46DE8}") = "Abstractions", "Abstractions", "{5D13143B-D045-4A05-BCC4-F67E83967779}"
EndProject
Project("{2150E333-8FDC-42A3-9474-1A3956D46DE8}") = "DIResolvers", "DIResolvers", "{E4021AD7-56D1-4583-A1FF-DF0EBAA4F642}"
EndProject
Project("{2150E333-8FDC-42A3-9474-1A3956D46DE8}") = "Services", "Services", "{092741A3-8A17-4B0A-878B-666A2B889303}"
EndProject
Project("{2150E333-8FDC-42A3-9474-1A3956D46DE8}") = "Models", "Models", "{0DD46C03-5395-4E72-A4E8-AD3A2C0C219B}"
EndProject
Project("{2150E333-8FDC-42A3-9474-1A3956D46DE8}") = "Tests", "Tests", "{BE1E1C06-CD33-4C03-BA80-6F9890E9DBF5}"
EndProject
Project("{9A19103F-16F7-4668-BE54-9A1E7A4F7556}") = "TL.Service.WebApi", "TL.Service.WebApi\TL.Service.WebApi.csproj", "{B9755994-F4D5-4EA4-97C8-B4E30F160ED9}"
EndProject
Project("{9A19103F-16F7-4668-BE54-9A1E7A4F7556}") = "TL.Service.Business", "TL.Service.Business\TL.Service.Business.csproj", "{1FFE1B2E-9551-4ECF-8F90-84E22AE62655}"
EndProject
Project("{9A19103F-16F7-4668-BE54-9A1E7A4F7556}") = "TL.Service.Repository", "TL.Service.Repository\TL.Service.Repository.csproj", "{55C722B5-D61C-4E19-B425-6CF54BD7E6E2}"
EndProject
Project("{9A19103F-16F7-4668-BE54-9A1E7A4F7556}") = "TL.DIResolver.Business", "TL.DIResolver.Business\TL.DIResolver.Business.csproj", "{C8554B95-1B7A-4E09-B27D-5F447D73CD8E}"
EndProject
Project("{9A19103F-16F7-4668-BE54-9A1E7A4F7556}") = "TL.DIResolver.Repository", "TL.DIResolver.Repository\TL.DIResolver.Repository.csproj", "{5AFD0682-8ABC-40EF-8F23-414D15617D43}"
EndProject
Project("{9A19103F-16F7-4668-BE54-9A1E7A4F7556}") = "TL.Abstraction.Business", "TL.Abstraction.Business\TL.Abstraction.Business.csproj", "{59A5B55D-E041-4F94-B95B-E8BE2C10D38F}"
EndProject
Project("{9A19103F-16F7-4668-BE54-9A1E7A4F7556}") = "TL.Abstraction.Repository", "TL.Abstraction.Repository\TL.Abstraction.Repository.csproj", "{E0CB3D31-3902-40B1-AF7E-D29F19E1E8F4}"
EndProject
Project("{9A19103F-16F7-4668-BE54-9A1E7A4F7556}") = "TL.Model.Repository", "TL.Model.Repository\TL.Model.Repository.csproj", "{070E4583-87ED-4CF2-A09F-F06EA736E75F}"
EndProject
Project("{9A19103F-16F7-4668-BE54-9A1E7A4F7556}") = "TL.Model.Business", "TL.Model.Business\TL.Model.Business.csproj", "{E290F35B-1C01-4C9E-A6A1-9E4672BF1012}"
EndProject
Project("{9A19103F-16F7-4668-BE54-9A1E7A4F7556}") = "TL.Model.Web", "TL.Model.Web\TL.Model.Web.csproj", "{AEFFA111-E0BA-4B09-BC1C-10E8C9693409}"
EndProject
Project("{9A19103F-16F7-4668-BE54-9A1E7A4F7556}") = "TL.Service.Business.Tests", "TL.Service.Business.Tests\TL.Service.Business.Tests.csproj", "{45C10792-3837-49C1-A18D-3467C7FA82BD}"
EndProject
Project("{9A19103F-16F7-4668-BE54-9A1E7A4F7556}") = "TL.Service.Repository.Tests", "TL.Service.Repository.Tests\TL.Service.Repository.Tests.csproj", "{1B667587-E547-479F-8318-274A3E283A52}"
EndProject
Project("{9A19103F-16F7-4668-BE54-9A1E7A4F7556}") = "TL.Service.WebApi.Tests", "TL.Service.WebApi.Tests\TL.Service.WebApi.Tests.csproj", "{BC67D1FC-CC7D-4FEE-8110-125D937282DB}"
EndProject
Project("{9A19103F-16F7-4668-BE54-9A1E7A4F7556}") = "TL.Model.Enum", "TL.Model.Enum\TL.Model.Enum.csproj", "{6A59D278-0820-4CF5-AC35-EA4F8FE568C3}"
EndProject
Project("{2150E333-8FDC-42A3-9474-1A3956D46DE8}") = "DbProviders", "DbProviders", "{D6EC9F74-86D2-4BE7-AA10-7CC00CDA4192}"
EndProject
Project("{9A19103F-16F7-4668-BE54-9A1E7A4F7556}") = "TL.DbProvider.EF", "TL.DbProvider.EF\TL.DbProvider.EF.csproj", "{D61AD30B-2811-4220-8DBF-CDD3EBFD0215}"
EndProject
Project("{9A19103F-16F7-4668-BE54-9A1E7A4F7556}") = "TL.AutoMapper", "TL.AutoMapper\TL.AutoMapper.csproj", "{CA5C8472-E037-4CA9-8DF5-71F4CCFB6099}"
EndProject
Project("{FAE04EC0-301F-11D3-BF4B-00C04F79EFBC}") = "TL.Abstraction.Common", "TL.Abstraction.Common\TL.Abstraction.Common.csproj", "{AB058888-9B8D-4947-94A1-BAF48BA8492A}"
EndProject
Global
	GlobalSection(SolutionConfigurationPlatforms) = preSolution
		Debug|Any CPU = Debug|Any CPU
		Release|Any CPU = Release|Any CPU
	EndGlobalSection
	GlobalSection(ProjectConfigurationPlatforms) = postSolution
		{B9755994-F4D5-4EA4-97C8-B4E30F160ED9}.Debug|Any CPU.ActiveCfg = Debug|Any CPU
		{B9755994-F4D5-4EA4-97C8-B4E30F160ED9}.Debug|Any CPU.Build.0 = Debug|Any CPU
		{B9755994-F4D5-4EA4-97C8-B4E30F160ED9}.Release|Any CPU.ActiveCfg = Release|Any CPU
		{B9755994-F4D5-4EA4-97C8-B4E30F160ED9}.Release|Any CPU.Build.0 = Release|Any CPU
		{1FFE1B2E-9551-4ECF-8F90-84E22AE62655}.Debug|Any CPU.ActiveCfg = Debug|Any CPU
		{1FFE1B2E-9551-4ECF-8F90-84E22AE62655}.Debug|Any CPU.Build.0 = Debug|Any CPU
		{1FFE1B2E-9551-4ECF-8F90-84E22AE62655}.Release|Any CPU.ActiveCfg = Release|Any CPU
		{1FFE1B2E-9551-4ECF-8F90-84E22AE62655}.Release|Any CPU.Build.0 = Release|Any CPU
		{55C722B5-D61C-4E19-B425-6CF54BD7E6E2}.Debug|Any CPU.ActiveCfg = Debug|Any CPU
		{55C722B5-D61C-4E19-B425-6CF54BD7E6E2}.Debug|Any CPU.Build.0 = Debug|Any CPU
		{55C722B5-D61C-4E19-B425-6CF54BD7E6E2}.Release|Any CPU.ActiveCfg = Release|Any CPU
		{55C722B5-D61C-4E19-B425-6CF54BD7E6E2}.Release|Any CPU.Build.0 = Release|Any CPU
		{C8554B95-1B7A-4E09-B27D-5F447D73CD8E}.Debug|Any CPU.ActiveCfg = Debug|Any CPU
		{C8554B95-1B7A-4E09-B27D-5F447D73CD8E}.Debug|Any CPU.Build.0 = Debug|Any CPU
		{C8554B95-1B7A-4E09-B27D-5F447D73CD8E}.Release|Any CPU.ActiveCfg = Release|Any CPU
		{C8554B95-1B7A-4E09-B27D-5F447D73CD8E}.Release|Any CPU.Build.0 = Release|Any CPU
		{5AFD0682-8ABC-40EF-8F23-414D15617D43}.Debug|Any CPU.ActiveCfg = Debug|Any CPU
		{5AFD0682-8ABC-40EF-8F23-414D15617D43}.Debug|Any CPU.Build.0 = Debug|Any CPU
		{5AFD0682-8ABC-40EF-8F23-414D15617D43}.Release|Any CPU.ActiveCfg = Release|Any CPU
		{5AFD0682-8ABC-40EF-8F23-414D15617D43}.Release|Any CPU.Build.0 = Release|Any CPU
		{59A5B55D-E041-4F94-B95B-E8BE2C10D38F}.Debug|Any CPU.ActiveCfg = Debug|Any CPU
		{59A5B55D-E041-4F94-B95B-E8BE2C10D38F}.Debug|Any CPU.Build.0 = Debug|Any CPU
		{59A5B55D-E041-4F94-B95B-E8BE2C10D38F}.Release|Any CPU.ActiveCfg = Release|Any CPU
		{59A5B55D-E041-4F94-B95B-E8BE2C10D38F}.Release|Any CPU.Build.0 = Release|Any CPU
		{E0CB3D31-3902-40B1-AF7E-D29F19E1E8F4}.Debug|Any CPU.ActiveCfg = Debug|Any CPU
		{E0CB3D31-3902-40B1-AF7E-D29F19E1E8F4}.Debug|Any CPU.Build.0 = Debug|Any CPU
		{E0CB3D31-3902-40B1-AF7E-D29F19E1E8F4}.Release|Any CPU.ActiveCfg = Release|Any CPU
		{E0CB3D31-3902-40B1-AF7E-D29F19E1E8F4}.Release|Any CPU.Build.0 = Release|Any CPU
		{070E4583-87ED-4CF2-A09F-F06EA736E75F}.Debug|Any CPU.ActiveCfg = Debug|Any CPU
		{070E4583-87ED-4CF2-A09F-F06EA736E75F}.Debug|Any CPU.Build.0 = Debug|Any CPU
		{070E4583-87ED-4CF2-A09F-F06EA736E75F}.Release|Any CPU.ActiveCfg = Release|Any CPU
		{070E4583-87ED-4CF2-A09F-F06EA736E75F}.Release|Any CPU.Build.0 = Release|Any CPU
		{E290F35B-1C01-4C9E-A6A1-9E4672BF1012}.Debug|Any CPU.ActiveCfg = Debug|Any CPU
		{E290F35B-1C01-4C9E-A6A1-9E4672BF1012}.Debug|Any CPU.Build.0 = Debug|Any CPU
		{E290F35B-1C01-4C9E-A6A1-9E4672BF1012}.Release|Any CPU.ActiveCfg = Release|Any CPU
		{E290F35B-1C01-4C9E-A6A1-9E4672BF1012}.Release|Any CPU.Build.0 = Release|Any CPU
		{AEFFA111-E0BA-4B09-BC1C-10E8C9693409}.Debug|Any CPU.ActiveCfg = Debug|Any CPU
		{AEFFA111-E0BA-4B09-BC1C-10E8C9693409}.Debug|Any CPU.Build.0 = Debug|Any CPU
		{AEFFA111-E0BA-4B09-BC1C-10E8C9693409}.Release|Any CPU.ActiveCfg = Release|Any CPU
		{AEFFA111-E0BA-4B09-BC1C-10E8C9693409}.Release|Any CPU.Build.0 = Release|Any CPU
		{45C10792-3837-49C1-A18D-3467C7FA82BD}.Debug|Any CPU.ActiveCfg = Debug|Any CPU
		{45C10792-3837-49C1-A18D-3467C7FA82BD}.Debug|Any CPU.Build.0 = Debug|Any CPU
		{45C10792-3837-49C1-A18D-3467C7FA82BD}.Release|Any CPU.ActiveCfg = Release|Any CPU
		{45C10792-3837-49C1-A18D-3467C7FA82BD}.Release|Any CPU.Build.0 = Release|Any CPU
		{1B667587-E547-479F-8318-274A3E283A52}.Debug|Any CPU.ActiveCfg = Debug|Any CPU
		{1B667587-E547-479F-8318-274A3E283A52}.Debug|Any CPU.Build.0 = Debug|Any CPU
		{1B667587-E547-479F-8318-274A3E283A52}.Release|Any CPU.ActiveCfg = Release|Any CPU
		{1B667587-E547-479F-8318-274A3E283A52}.Release|Any CPU.Build.0 = Release|Any CPU
		{BC67D1FC-CC7D-4FEE-8110-125D937282DB}.Debug|Any CPU.ActiveCfg = Debug|Any CPU
		{BC67D1FC-CC7D-4FEE-8110-125D937282DB}.Debug|Any CPU.Build.0 = Debug|Any CPU
		{BC67D1FC-CC7D-4FEE-8110-125D937282DB}.Release|Any CPU.ActiveCfg = Release|Any CPU
		{BC67D1FC-CC7D-4FEE-8110-125D937282DB}.Release|Any CPU.Build.0 = Release|Any CPU
		{6A59D278-0820-4CF5-AC35-EA4F8FE568C3}.Debug|Any CPU.ActiveCfg = Debug|Any CPU
		{6A59D278-0820-4CF5-AC35-EA4F8FE568C3}.Debug|Any CPU.Build.0 = Debug|Any CPU
		{6A59D278-0820-4CF5-AC35-EA4F8FE568C3}.Release|Any CPU.ActiveCfg = Release|Any CPU
		{6A59D278-0820-4CF5-AC35-EA4F8FE568C3}.Release|Any CPU.Build.0 = Release|Any CPU
		{D61AD30B-2811-4220-8DBF-CDD3EBFD0215}.Debug|Any CPU.ActiveCfg = Debug|Any CPU
		{D61AD30B-2811-4220-8DBF-CDD3EBFD0215}.Debug|Any CPU.Build.0 = Debug|Any CPU
		{D61AD30B-2811-4220-8DBF-CDD3EBFD0215}.Release|Any CPU.ActiveCfg = Release|Any CPU
		{D61AD30B-2811-4220-8DBF-CDD3EBFD0215}.Release|Any CPU.Build.0 = Release|Any CPU
		{CA5C8472-E037-4CA9-8DF5-71F4CCFB6099}.Debug|Any CPU.ActiveCfg = Debug|Any CPU
		{CA5C8472-E037-4CA9-8DF5-71F4CCFB6099}.Debug|Any CPU.Build.0 = Debug|Any CPU
		{CA5C8472-E037-4CA9-8DF5-71F4CCFB6099}.Release|Any CPU.ActiveCfg = Release|Any CPU
		{CA5C8472-E037-4CA9-8DF5-71F4CCFB6099}.Release|Any CPU.Build.0 = Release|Any CPU
		{AB058888-9B8D-4947-94A1-BAF48BA8492A}.Debug|Any CPU.ActiveCfg = Debug|Any CPU
		{AB058888-9B8D-4947-94A1-BAF48BA8492A}.Debug|Any CPU.Build.0 = Debug|Any CPU
		{AB058888-9B8D-4947-94A1-BAF48BA8492A}.Release|Any CPU.ActiveCfg = Release|Any CPU
		{AB058888-9B8D-4947-94A1-BAF48BA8492A}.Release|Any CPU.Build.0 = Release|Any CPU
	EndGlobalSection
	GlobalSection(SolutionProperties) = preSolution
		HideSolutionNode = FALSE
	EndGlobalSection
	GlobalSection(NestedProjects) = preSolution
		{B9755994-F4D5-4EA4-97C8-B4E30F160ED9} = {092741A3-8A17-4B0A-878B-666A2B889303}
		{1FFE1B2E-9551-4ECF-8F90-84E22AE62655} = {092741A3-8A17-4B0A-878B-666A2B889303}
		{55C722B5-D61C-4E19-B425-6CF54BD7E6E2} = {092741A3-8A17-4B0A-878B-666A2B889303}
		{C8554B95-1B7A-4E09-B27D-5F447D73CD8E} = {E4021AD7-56D1-4583-A1FF-DF0EBAA4F642}
		{5AFD0682-8ABC-40EF-8F23-414D15617D43} = {E4021AD7-56D1-4583-A1FF-DF0EBAA4F642}
		{59A5B55D-E041-4F94-B95B-E8BE2C10D38F} = {5D13143B-D045-4A05-BCC4-F67E83967779}
		{E0CB3D31-3902-40B1-AF7E-D29F19E1E8F4} = {5D13143B-D045-4A05-BCC4-F67E83967779}
		{070E4583-87ED-4CF2-A09F-F06EA736E75F} = {0DD46C03-5395-4E72-A4E8-AD3A2C0C219B}
		{E290F35B-1C01-4C9E-A6A1-9E4672BF1012} = {0DD46C03-5395-4E72-A4E8-AD3A2C0C219B}
		{AEFFA111-E0BA-4B09-BC1C-10E8C9693409} = {0DD46C03-5395-4E72-A4E8-AD3A2C0C219B}
		{45C10792-3837-49C1-A18D-3467C7FA82BD} = {BE1E1C06-CD33-4C03-BA80-6F9890E9DBF5}
		{1B667587-E547-479F-8318-274A3E283A52} = {BE1E1C06-CD33-4C03-BA80-6F9890E9DBF5}
		{BC67D1FC-CC7D-4FEE-8110-125D937282DB} = {BE1E1C06-CD33-4C03-BA80-6F9890E9DBF5}
		{6A59D278-0820-4CF5-AC35-EA4F8FE568C3} = {0DD46C03-5395-4E72-A4E8-AD3A2C0C219B}
		{D61AD30B-2811-4220-8DBF-CDD3EBFD0215} = {D6EC9F74-86D2-4BE7-AA10-7CC00CDA4192}
		{AB058888-9B8D-4947-94A1-BAF48BA8492A} = {5D13143B-D045-4A05-BCC4-F67E83967779}
	EndGlobalSection
	GlobalSection(ExtensibilityGlobals) = postSolution
		SolutionGuid = {FA901A04-1591-4787-8E28-73CDFCBDAF04}
	EndGlobalSection
EndGlobal
